
Microsoft Visual Studio Solution File, Format Version 12.00
# Visual Studio 15
Project("{FAE04EC0-301F-11D3-BF4B-00C04F79EFBC}") = "Unity.Services.Core.Telemetry", "Unity.Services.Core.Telemetry.csproj", "{8EB9C7F2-1CA5-0C60-B3BA-F1EDDC7502F7}"
EndProject
Project("{FAE04EC0-301F-11D3-BF4B-00C04F79EFBC}") = "UnityEngine.TestRunner", "UnityEngine.TestRunner.csproj", "{86B5F19A-D5E2-B48C-76C2-929CA43942E5}"
EndProject
Project("{FAE04EC0-301F-11D3-BF4B-00C04F79EFBC}") = "UnityEngine.UI", "UnityEngine.UI.csproj", "{08554974-C811-4808-C6FB-A9C1CB95C541}"
EndProject
Project("{FAE04EC0-301F-11D3-BF4B-00C04F79EFBC}") = "Unity.Services.Core.Internal", "Unity.Services.Core.Internal.csproj", "{9C120339-F358-C464-E9D1-7AE350F2FE2B}"
EndProject
Project("{FAE04EC0-301F-11D3-BF4B-00C04F79EFBC}") = "Unity.Timeline", "Unity.Timeline.csproj", "{63F1A13C-BC5E-2800-856F-F68DB77FEF77}"
EndProject
Project("{FAE04EC0-301F-11D3-BF4B-00C04F79EFBC}") = "Unity.Postprocessing.Runtime", "Unity.Postprocessing.Runtime.csproj", "{CF9C7FA1-71A1-AEA1-C38B-D7DC73DFD036}"
EndProject
Project("{FAE04EC0-301F-11D3-BF4B-00C04F79EFBC}") = "Unity.TextMeshPro", "Unity.TextMeshPro.csproj", "{3F158746-68F8-9366-7E76-FFEF826E7DA1}"
EndProject
Project("{FAE04EC0-301F-11D3-BF4B-00C04F79EFBC}") = "Unity.Services.Core.Environments.Internal", "Unity.Services.Core.Environments.Internal.csproj", "{2C96946C-14EE-BBE2-2DAC-839918B27DCE}"
EndProject
Project("{FAE04EC0-301F-11D3-BF4B-00C04F79EFBC}") = "Assembly-CSharp", "Assembly-CSharp.csproj", "{28FCF307-BCEB-DF00-C466-08C29A16E02D}"
EndProject
Project("{FAE04EC0-301F-11D3-BF4B-00C04F79EFBC}") = "Unity.Services.Core", "Unity.Services.Core.csproj", "{42454513-C662-901D-644A-315503622E51}"
EndProject
Project("{FAE04EC0-301F-11D3-BF4B-00C04F79EFBC}") = "Unity.Services.Core.Configuration", "Unity.Services.Core.Configuration.csproj", "{8D61F3C2-8782-5421-C631-DB6D6A40D3A7}"
EndProject
Project("{FAE04EC0-301F-11D3-BF4B-00C04F79EFBC}") = "Unity.Services.Core.Environments", "Unity.Services.Core.Environments.csproj", "{A8742E33-9304-D31B-7A91-A01BC9DF2734}"
EndProject
Project("{FAE04EC0-301F-11D3-BF4B-00C04F79EFBC}") = "Unity.Services.Core.Networking", "Unity.Services.Core.Networking.csproj", "{28C9A669-A454-CF9E-79F0-471332557D6C}"
EndProject
Project("{FAE04EC0-301F-11D3-BF4B-00C04F79EFBC}") = "Unity.Services.Core.Analytics", "Unity.Services.Core.Analytics.csproj", "{893030E3-3BD3-FD27-E69D-00CDB6B4345C}"
EndProject
Project("{FAE04EC0-301F-11D3-BF4B-00C04F79EFBC}") = "Unity.Services.Core.Scheduler", "Unity.Services.Core.Scheduler.csproj", "{84C3C99B-A719-6BF1-3626-0B7801CEAAFB}"
EndProject
Project("{FAE04EC0-301F-11D3-BF4B-00C04F79EFBC}") = "Unity.Services.Core.Registration", "Unity.Services.Core.Registration.csproj", "{C2367BD3-5787-D91D-7A62-76BC5999FE35}"
EndProject
Project("{FAE04EC0-301F-11D3-BF4B-00C04F79EFBC}") = "Unity.Services.Core.Device", "Unity.Services.Core.Device.csproj", "{5823254F-A9FD-FD99-17F3-10D6589BA6AE}"
EndProject
Project("{FAE04EC0-301F-11D3-BF4B-00C04F79EFBC}") = "Unity.Services.Core.Threading", "Unity.Services.Core.Threading.csproj", "{00211D53-C3C0-A76E-4083-9FEA0256EB0F}"
EndProject
Project("{FAE04EC0-301F-11D3-BF4B-00C04F79EFBC}") = "UnityEditor.TestRunner", "UnityEditor.TestRunner.csproj", "{DC0D1858-A63D-9D4F-2638-7630183EB508}"
EndProject
Project("{FAE04EC0-301F-11D3-BF4B-00C04F79EFBC}") = "Unity.PlasticSCM.Editor", "Unity.PlasticSCM.Editor.csproj", "{02A84274-9D04-5DAD-D01A-158FA7ED25C5}"
EndProject
Project("{FAE04EC0-301F-11D3-BF4B-00C04F79EFBC}") = "UnityEditor.UI", "UnityEditor.UI.csproj", "{76C42FC1-15E1-77B2-8781-A9D496EE6C7D}"
EndProject
Project("{FAE04EC0-301F-11D3-BF4B-00C04F79EFBC}") = "Unity.Timeline.Editor", "Unity.Timeline.Editor.csproj", "{328A5D34-2863-206D-D24D-363F7BFFDABB}"
EndProject
Project("{FAE04EC0-301F-11D3-BF4B-00C04F79EFBC}") = "Unity.VisualStudio.Editor", "Unity.VisualStudio.Editor.csproj", "{E1C40D3D-84E4-CD53-1A3C-13761628F8BE}"
EndProject
Project("{FAE04EC0-301F-11D3-BF4B-00C04F79EFBC}") = "Unity.TextMeshPro.Editor", "Unity.TextMeshPro.Editor.csproj", "{12C8AD25-4C53-2D7E-2721-C85D575EE002}"
EndProject
Project("{FAE04EC0-301F-11D3-BF4B-00C04F79EFBC}") = "Unity.CollabProxy.Editor", "Unity.CollabProxy.Editor.csproj", "{CAF72B5A-9C6A-37F7-858E-D7D42BAC330D}"
EndProject
Project("{FAE04EC0-301F-11D3-BF4B-00C04F79EFBC}") = "Unity.Postprocessing.Editor", "Unity.Postprocessing.Editor.csproj", "{E02AD144-8149-3180-E3B0-37E02FC07AF7}"
EndProject
Project("{FAE04EC0-301F-11D3-BF4B-00C04F79EFBC}") = "Unity.Services.Core.Editor", "Unity.Services.Core.Editor.csproj", "{4BF725A8-388F-BD20-CED9-2426733AD4A7}"
EndProject
Project("{FAE04EC0-301F-11D3-BF4B-00C04F79EFBC}") = "Unity.Rider.Editor", "Unity.Rider.Editor.csproj", "{AE05CCAE-8086-F860-FA29-864EB941DB35}"
EndProject
Project("{FAE04EC0-301F-11D3-BF4B-00C04F79EFBC}") = "Unity.SysrootPackage.Editor", "Unity.SysrootPackage.Editor.csproj", "{324F391B-FAA3-59BC-88F3-A029129AC2B7}"
EndProject
Project("{FAE04EC0-301F-11D3-BF4B-00C04F79EFBC}") = "Unity.VSCode.Editor", "Unity.VSCode.Editor.csproj", "{1DA09F06-1D1C-315D-05F9-D88B3DA3F7FC}"
EndProject
Project("{FAE04EC0-301F-11D3-BF4B-00C04F79EFBC}") = "Unity.Toolchain.Win-x86_64-Linux-x86_64", "Unity.Toolchain.Win-x86_64-Linux-x86_64.csproj", "{A612E13D-D210-3ECE-6E64-BC01C78201C3}"
EndProject
Project("{FAE04EC0-301F-11D3-BF4B-00C04F79EFBC}") = "Unity.Services.Core.Configuration.Editor", "Unity.Services.Core.Configuration.Editor.csproj", "{FD097C45-E129-872E-F5E3-135B085BDAF6}"
EndProject
Project("{FAE04EC0-301F-11D3-BF4B-00C04F79EFBC}") = "Unity.Sysroot.Linux_x86_64", "Unity.Sysroot.Linux_x86_64.csproj", "{246CE046-5752-8666-6068-94AF67B9B9A7}"
EndProject
Project("{FAE04EC0-301F-11D3-BF4B-00C04F79EFBC}") = "Unity.Services.Core.Telemetry", "Unity.Services.Core.Telemetry.Player.csproj", "{D19009AB-F619-8135-3ECA-5BC6BA22379E}"
EndProject
Project("{FAE04EC0-301F-11D3-BF4B-00C04F79EFBC}") = "UnityEngine.TestRunner", "UnityEngine.TestRunner.Player.csproj", "{85746773-0649-591C-166D-1C5205A30F4C}"
EndProject
Project("{FAE04EC0-301F-11D3-BF4B-00C04F79EFBC}") = "UnityEngine.UI", "UnityEngine.UI.Player.csproj", "{9D01525F-7C88-CC6A-97CF-B707B13430FB}"
EndProject
Project("{FAE04EC0-301F-11D3-BF4B-00C04F79EFBC}") = "Unity.Services.Core.Internal", "Unity.Services.Core.Internal.Player.csproj", "{09C64E18-DF65-4A3F-F20D-B6E1B5819F14}"
EndProject
Project("{FAE04EC0-301F-11D3-BF4B-00C04F79EFBC}") = "Unity.Timeline", "Unity.Timeline.Player.csproj", "{3741CBE4-DDD1-A472-7A57-8F048C380AD0}"
EndProject
Project("{FAE04EC0-301F-11D3-BF4B-00C04F79EFBC}") = "Unity.Postprocessing.Runtime", "Unity.Postprocessing.Runtime.Player.csproj", "{DC077B66-9EE5-8F27-531F-54826FECFCC5}"
EndProject
Project("{FAE04EC0-301F-11D3-BF4B-00C04F79EFBC}") = "Unity.TextMeshPro", "Unity.TextMeshPro.Player.csproj", "{05A0D7FC-61DE-5382-1BBD-2B979141D938}"
EndProject
Project("{FAE04EC0-301F-11D3-BF4B-00C04F79EFBC}") = "Unity.Services.Core.Environments.Internal", "Unity.Services.Core.Environments.Internal.Player.csproj", "{C9078EB4-2A30-8304-69D9-605B55D57891}"
EndProject
Project("{FAE04EC0-301F-11D3-BF4B-00C04F79EFBC}") = "Assembly-CSharp", "Assembly-CSharp.Player.csproj", "{81952DCE-E6F4-E44C-38BA-2A0D1B2BC343}"
EndProject
Project("{FAE04EC0-301F-11D3-BF4B-00C04F79EFBC}") = "Unity.Services.Core", "Unity.Services.Core.Player.csproj", "{4A7C007B-4B99-2688-1D75-F2BE27904E73}"
EndProject
Project("{FAE04EC0-301F-11D3-BF4B-00C04F79EFBC}") = "Unity.Services.Core.Configuration", "Unity.Services.Core.Configuration.Player.csproj", "{944638F6-AB40-55D6-6366-39FFE64AE2D9}"
EndProject
Project("{FAE04EC0-301F-11D3-BF4B-00C04F79EFBC}") = "Unity.Services.Core.Environments", "Unity.Services.Core.Environments.Player.csproj", "{1FA981DE-6528-EA6E-6E49-3D17B7614DD0}"
EndProject
Project("{FAE04EC0-301F-11D3-BF4B-00C04F79EFBC}") = "Unity.Services.Core.Networking", "Unity.Services.Core.Networking.Player.csproj", "{FD825762-FF10-44BB-0E92-73B5C5E78075}"
EndProject
Project("{FAE04EC0-301F-11D3-BF4B-00C04F79EFBC}") = "Unity.Services.Core.Analytics", "Unity.Services.Core.Analytics.Player.csproj", "{09E6C304-7E76-3A98-AD4D-09BBFF7D943A}"
EndProject
Project("{FAE04EC0-301F-11D3-BF4B-00C04F79EFBC}") = "Unity.Services.Core.Scheduler", "Unity.Services.Core.Scheduler.Player.csproj", "{32821875-009F-FEF7-1FF7-DB99931001EF}"
EndProject
Project("{FAE04EC0-301F-11D3-BF4B-00C04F79EFBC}") = "Unity.Services.Core.Registration", "Unity.Services.Core.Registration.Player.csproj", "{6B5BD666-8BED-5E6F-F469-14B10F0AA0F1}"
EndProject
Project("{FAE04EC0-301F-11D3-BF4B-00C04F79EFBC}") = "Unity.Services.Core.Device", "Unity.Services.Core.Device.Player.csproj", "{0CA7B2B6-681F-E1AF-48C8-754A0E2C64B7}"
EndProject
Project("{FAE04EC0-301F-11D3-BF4B-00C04F79EFBC}") = "Unity.Services.Core.Threading", "Unity.Services.Core.Threading.Player.csproj", "{EFE6AAAB-F172-C5E1-5178-2EFBA5460B5E}"
EndProject
Global
	GlobalSection(SolutionConfigurationPlatforms) = preSolution
		Debug|Any CPU = Debug|Any CPU
		Release|Any CPU = Release|Any CPU
	EndGlobalSection
	GlobalSection(ProjectConfigurationPlatforms) = postSolution
		{8EB9C7F2-1CA5-0C60-B3BA-F1EDDC7502F7}.Debug|Any CPU.ActiveCfg = Debug|Any CPU
		{8EB9C7F2-1CA5-0C60-B3BA-F1EDDC7502F7}.Debug|Any CPU.Build.0 = Debug|Any CPU
		{8EB9C7F2-1CA5-0C60-B3BA-F1EDDC7502F7}.Release|Any CPU.ActiveCfg = Release|Any CPU
		{8EB9C7F2-1CA5-0C60-B3BA-F1EDDC7502F7}.Release|Any CPU.Build.0 = Release|Any CPU
		{86B5F19A-D5E2-B48C-76C2-929CA43942E5}.Debug|Any CPU.ActiveCfg = Debug|Any CPU
		{86B5F19A-D5E2-B48C-76C2-929CA43942E5}.Debug|Any CPU.Build.0 = Debug|Any CPU
		{86B5F19A-D5E2-B48C-76C2-929CA43942E5}.Release|Any CPU.ActiveCfg = Release|Any CPU
		{86B5F19A-D5E2-B48C-76C2-929CA43942E5}.Release|Any CPU.Build.0 = Release|Any CPU
		{08554974-C811-4808-C6FB-A9C1CB95C541}.Debug|Any CPU.ActiveCfg = Debug|Any CPU
		{08554974-C811-4808-C6FB-A9C1CB95C541}.Debug|Any CPU.Build.0 = Debug|Any CPU
		{08554974-C811-4808-C6FB-A9C1CB95C541}.Release|Any CPU.ActiveCfg = Release|Any CPU
		{08554974-C811-4808-C6FB-A9C1CB95C541}.Release|Any CPU.Build.0 = Release|Any CPU
		{9C120339-F358-C464-E9D1-7AE350F2FE2B}.Debug|Any CPU.ActiveCfg = Debug|Any CPU
		{9C120339-F358-C464-E9D1-7AE350F2FE2B}.Debug|Any CPU.Build.0 = Debug|Any CPU
		{9C120339-F358-C464-E9D1-7AE350F2FE2B}.Release|Any CPU.ActiveCfg = Release|Any CPU
		{9C120339-F358-C464-E9D1-7AE350F2FE2B}.Release|Any CPU.Build.0 = Release|Any CPU
		{63F1A13C-BC5E-2800-856F-F68DB77FEF77}.Debug|Any CPU.ActiveCfg = Debug|Any CPU
		{63F1A13C-BC5E-2800-856F-F68DB77FEF77}.Debug|Any CPU.Build.0 = Debug|Any CPU
		{63F1A13C-BC5E-2800-856F-F68DB77FEF77}.Release|Any CPU.ActiveCfg = Release|Any CPU
		{63F1A13C-BC5E-2800-856F-F68DB77FEF77}.Release|Any CPU.Build.0 = Release|Any CPU
		{CF9C7FA1-71A1-AEA1-C38B-D7DC73DFD036}.Debug|Any CPU.ActiveCfg = Debug|Any CPU
		{CF9C7FA1-71A1-AEA1-C38B-D7DC73DFD036}.Debug|Any CPU.Build.0 = Debug|Any CPU
		{CF9C7FA1-71A1-AEA1-C38B-D7DC73DFD036}.Release|Any CPU.ActiveCfg = Release|Any CPU
		{CF9C7FA1-71A1-AEA1-C38B-D7DC73DFD036}.Release|Any CPU.Build.0 = Release|Any CPU
		{3F158746-68F8-9366-7E76-FFEF826E7DA1}.Debug|Any CPU.ActiveCfg = Debug|Any CPU
		{3F158746-68F8-9366-7E76-FFEF826E7DA1}.Debug|Any CPU.Build.0 = Debug|Any CPU
		{3F158746-68F8-9366-7E76-FFEF826E7DA1}.Release|Any CPU.ActiveCfg = Release|Any CPU
		{3F158746-68F8-9366-7E76-FFEF826E7DA1}.Release|Any CPU.Build.0 = Release|Any CPU
		{2C96946C-14EE-BBE2-2DAC-839918B27DCE}.Debug|Any CPU.ActiveCfg = Debug|Any CPU
		{2C96946C-14EE-BBE2-2DAC-839918B27DCE}.Debug|Any CPU.Build.0 = Debug|Any CPU
		{2C96946C-14EE-BBE2-2DAC-839918B27DCE}.Release|Any CPU.ActiveCfg = Release|Any CPU
		{2C96946C-14EE-BBE2-2DAC-839918B27DCE}.Release|Any CPU.Build.0 = Release|Any CPU
		{28FCF307-BCEB-DF00-C466-08C29A16E02D}.Debug|Any CPU.ActiveCfg = Debug|Any CPU
		{28FCF307-BCEB-DF00-C466-08C29A16E02D}.Debug|Any CPU.Build.0 = Debug|Any CPU
		{28FCF307-BCEB-DF00-C466-08C29A16E02D}.Release|Any CPU.ActiveCfg = Release|Any CPU
		{28FCF307-BCEB-DF00-C466-08C29A16E02D}.Release|Any CPU.Build.0 = Release|Any CPU
		{42454513-C662-901D-644A-315503622E51}.Debug|Any CPU.ActiveCfg = Debug|Any CPU
		{42454513-C662-901D-644A-315503622E51}.Debug|Any CPU.Build.0 = Debug|Any CPU
		{42454513-C662-901D-644A-315503622E51}.Release|Any CPU.ActiveCfg = Release|Any CPU
		{42454513-C662-901D-644A-315503622E51}.Release|Any CPU.Build.0 = Release|Any CPU
		{8D61F3C2-8782-5421-C631-DB6D6A40D3A7}.Debug|Any CPU.ActiveCfg = Debug|Any CPU
		{8D61F3C2-8782-5421-C631-DB6D6A40D3A7}.Debug|Any CPU.Build.0 = Debug|Any CPU
		{8D61F3C2-8782-5421-C631-DB6D6A40D3A7}.Release|Any CPU.ActiveCfg = Release|Any CPU
		{8D61F3C2-8782-5421-C631-DB6D6A40D3A7}.Release|Any CPU.Build.0 = Release|Any CPU
		{A8742E33-9304-D31B-7A91-A01BC9DF2734}.Debug|Any CPU.ActiveCfg = Debug|Any CPU
		{A8742E33-9304-D31B-7A91-A01BC9DF2734}.Debug|Any CPU.Build.0 = Debug|Any CPU
		{A8742E33-9304-D31B-7A91-A01BC9DF2734}.Release|Any CPU.ActiveCfg = Release|Any CPU
		{A8742E33-9304-D31B-7A91-A01BC9DF2734}.Release|Any CPU.Build.0 = Release|Any CPU
		{28C9A669-A454-CF9E-79F0-471332557D6C}.Debug|Any CPU.ActiveCfg = Debug|Any CPU
		{28C9A669-A454-CF9E-79F0-471332557D6C}.Debug|Any CPU.Build.0 = Debug|Any CPU
		{28C9A669-A454-CF9E-79F0-471332557D6C}.Release|Any CPU.ActiveCfg = Release|Any CPU
		{28C9A669-A454-CF9E-79F0-471332557D6C}.Release|Any CPU.Build.0 = Release|Any CPU
		{893030E3-3BD3-FD27-E69D-00CDB6B4345C}.Debug|Any CPU.ActiveCfg = Debug|Any CPU
		{893030E3-3BD3-FD27-E69D-00CDB6B4345C}.Debug|Any CPU.Build.0 = Debug|Any CPU
		{893030E3-3BD3-FD27-E69D-00CDB6B4345C}.Release|Any CPU.ActiveCfg = Release|Any CPU
		{893030E3-3BD3-FD27-E69D-00CDB6B4345C}.Release|Any CPU.Build.0 = Release|Any CPU
		{84C3C99B-A719-6BF1-3626-0B7801CEAAFB}.Debug|Any CPU.ActiveCfg = Debug|Any CPU
		{84C3C99B-A719-6BF1-3626-0B7801CEAAFB}.Debug|Any CPU.Build.0 = Debug|Any CPU
		{84C3C99B-A719-6BF1-3626-0B7801CEAAFB}.Release|Any CPU.ActiveCfg = Release|Any CPU
		{84C3C99B-A719-6BF1-3626-0B7801CEAAFB}.Release|Any CPU.Build.0 = Release|Any CPU
		{C2367BD3-5787-D91D-7A62-76BC5999FE35}.Debug|Any CPU.ActiveCfg = Debug|Any CPU
		{C2367BD3-5787-D91D-7A62-76BC5999FE35}.Debug|Any CPU.Build.0 = Debug|Any CPU
		{C2367BD3-5787-D91D-7A62-76BC5999FE35}.Release|Any CPU.ActiveCfg = Release|Any CPU
		{C2367BD3-5787-D91D-7A62-76BC5999FE35}.Release|Any CPU.Build.0 = Release|Any CPU
		{5823254F-A9FD-FD99-17F3-10D6589BA6AE}.Debug|Any CPU.ActiveCfg = Debug|Any CPU
		{5823254F-A9FD-FD99-17F3-10D6589BA6AE}.Debug|Any CPU.Build.0 = Debug|Any CPU
		{5823254F-A9FD-FD99-17F3-10D6589BA6AE}.Release|Any CPU.ActiveCfg = Release|Any CPU
		{5823254F-A9FD-FD99-17F3-10D6589BA6AE}.Release|Any CPU.Build.0 = Release|Any CPU
		{00211D53-C3C0-A76E-4083-9FEA0256EB0F}.Debug|Any CPU.ActiveCfg = Debug|Any CPU
		{00211D53-C3C0-A76E-4083-9FEA0256EB0F}.Debug|Any CPU.Build.0 = Debug|Any CPU
		{00211D53-C3C0-A76E-4083-9FEA0256EB0F}.Release|Any CPU.ActiveCfg = Release|Any CPU
		{00211D53-C3C0-A76E-4083-9FEA0256EB0F}.Release|Any CPU.Build.0 = Release|Any CPU
		{DC0D1858-A63D-9D4F-2638-7630183EB508}.Debug|Any CPU.ActiveCfg = Debug|Any CPU
		{DC0D1858-A63D-9D4F-2638-7630183EB508}.Debug|Any CPU.Build.0 = Debug|Any CPU
		{DC0D1858-A63D-9D4F-2638-7630183EB508}.Release|Any CPU.ActiveCfg = Release|Any CPU
		{DC0D1858-A63D-9D4F-2638-7630183EB508}.Release|Any CPU.Build.0 = Release|Any CPU
		{02A84274-9D04-5DAD-D01A-158FA7ED25C5}.Debug|Any CPU.ActiveCfg = Debug|Any CPU
		{02A84274-9D04-5DAD-D01A-158FA7ED25C5}.Debug|Any CPU.Build.0 = Debug|Any CPU
		{02A84274-9D04-5DAD-D01A-158FA7ED25C5}.Release|Any CPU.ActiveCfg = Release|Any CPU
		{02A84274-9D04-5DAD-D01A-158FA7ED25C5}.Release|Any CPU.Build.0 = Release|Any CPU
		{76C42FC1-15E1-77B2-8781-A9D496EE6C7D}.Debug|Any CPU.ActiveCfg = Debug|Any CPU
		{76C42FC1-15E1-77B2-8781-A9D496EE6C7D}.Debug|Any CPU.Build.0 = Debug|Any CPU
		{76C42FC1-15E1-77B2-8781-A9D496EE6C7D}.Release|Any CPU.ActiveCfg = Release|Any CPU
		{76C42FC1-15E1-77B2-8781-A9D496EE6C7D}.Release|Any CPU.Build.0 = Release|Any CPU
		{328A5D34-2863-206D-D24D-363F7BFFDABB}.Debug|Any CPU.ActiveCfg = Debug|Any CPU
		{328A5D34-2863-206D-D24D-363F7BFFDABB}.Debug|Any CPU.Build.0 = Debug|Any CPU
		{328A5D34-2863-206D-D24D-363F7BFFDABB}.Release|Any CPU.ActiveCfg = Release|Any CPU
		{328A5D34-2863-206D-D24D-363F7BFFDABB}.Release|Any CPU.Build.0 = Release|Any CPU
		{E1C40D3D-84E4-CD53-1A3C-13761628F8BE}.Debug|Any CPU.ActiveCfg = Debug|Any CPU
		{E1C40D3D-84E4-CD53-1A3C-13761628F8BE}.Debug|Any CPU.Build.0 = Debug|Any CPU
		{E1C40D3D-84E4-CD53-1A3C-13761628F8BE}.Release|Any CPU.ActiveCfg = Release|Any CPU
		{E1C40D3D-84E4-CD53-1A3C-13761628F8BE}.Release|Any CPU.Build.0 = Release|Any CPU
		{12C8AD25-4C53-2D7E-2721-C85D575EE002}.Debug|Any CPU.ActiveCfg = Debug|Any CPU
		{12C8AD25-4C53-2D7E-2721-C85D575EE002}.Debug|Any CPU.Build.0 = Debug|Any CPU
		{12C8AD25-4C53-2D7E-2721-C85D575EE002}.Release|Any CPU.ActiveCfg = Release|Any CPU
		{12C8AD25-4C53-2D7E-2721-C85D575EE002}.Release|Any CPU.Build.0 = Release|Any CPU
		{CAF72B5A-9C6A-37F7-858E-D7D42BAC330D}.Debug|Any CPU.ActiveCfg = Debug|Any CPU
		{CAF72B5A-9C6A-37F7-858E-D7D42BAC330D}.Debug|Any CPU.Build.0 = Debug|Any CPU
		{CAF72B5A-9C6A-37F7-858E-D7D42BAC330D}.Release|Any CPU.ActiveCfg = Release|Any CPU
		{CAF72B5A-9C6A-37F7-858E-D7D42BAC330D}.Release|Any CPU.Build.0 = Release|Any CPU
		{E02AD144-8149-3180-E3B0-37E02FC07AF7}.Debug|Any CPU.ActiveCfg = Debug|Any CPU
		{E02AD144-8149-3180-E3B0-37E02FC07AF7}.Debug|Any CPU.Build.0 = Debug|Any CPU
		{E02AD144-8149-3180-E3B0-37E02FC07AF7}.Release|Any CPU.ActiveCfg = Release|Any CPU
		{E02AD144-8149-3180-E3B0-37E02FC07AF7}.Release|Any CPU.Build.0 = Release|Any CPU
		{4BF725A8-388F-BD20-CED9-2426733AD4A7}.Debug|Any CPU.ActiveCfg = Debug|Any CPU
		{4BF725A8-388F-BD20-CED9-2426733AD4A7}.Debug|Any CPU.Build.0 = Debug|Any CPU
		{4BF725A8-388F-BD20-CED9-2426733AD4A7}.Release|Any CPU.ActiveCfg = Release|Any CPU
		{4BF725A8-388F-BD20-CED9-2426733AD4A7}.Release|Any CPU.Build.0 = Release|Any CPU
		{AE05CCAE-8086-F860-FA29-864EB941DB35}.Debug|Any CPU.ActiveCfg = Debug|Any CPU
		{AE05CCAE-8086-F860-FA29-864EB941DB35}.Debug|Any CPU.Build.0 = Debug|Any CPU
		{AE05CCAE-8086-F860-FA29-864EB941DB35}.Release|Any CPU.ActiveCfg = Release|Any CPU
		{AE05CCAE-8086-F860-FA29-864EB941DB35}.Release|Any CPU.Build.0 = Release|Any CPU
		{324F391B-FAA3-59BC-88F3-A029129AC2B7}.Debug|Any CPU.ActiveCfg = Debug|Any CPU
		{324F391B-FAA3-59BC-88F3-A029129AC2B7}.Debug|Any CPU.Build.0 = Debug|Any CPU
		{324F391B-FAA3-59BC-88F3-A029129AC2B7}.Release|Any CPU.ActiveCfg = Release|Any CPU
		{324F391B-FAA3-59BC-88F3-A029129AC2B7}.Release|Any CPU.Build.0 = Release|Any CPU
		{1DA09F06-1D1C-315D-05F9-D88B3DA3F7FC}.Debug|Any CPU.ActiveCfg = Debug|Any CPU
		{1DA09F06-1D1C-315D-05F9-D88B3DA3F7FC}.Debug|Any CPU.Build.0 = Debug|Any CPU
		{1DA09F06-1D1C-315D-05F9-D88B3DA3F7FC}.Release|Any CPU.ActiveCfg = Release|Any CPU
		{1DA09F06-1D1C-315D-05F9-D88B3DA3F7FC}.Release|Any CPU.Build.0 = Release|Any CPU
		{A612E13D-D210-3ECE-6E64-BC01C78201C3}.Debug|Any CPU.ActiveCfg = Debug|Any CPU
		{A612E13D-D210-3ECE-6E64-BC01C78201C3}.Debug|Any CPU.Build.0 = Debug|Any CPU
		{A612E13D-D210-3ECE-6E64-BC01C78201C3}.Release|Any CPU.ActiveCfg = Release|Any CPU
		{A612E13D-D210-3ECE-6E64-BC01C78201C3}.Release|Any CPU.Build.0 = Release|Any CPU
		{FD097C45-E129-872E-F5E3-135B085BDAF6}.Debug|Any CPU.ActiveCfg = Debug|Any CPU
		{FD097C45-E129-872E-F5E3-135B085BDAF6}.Debug|Any CPU.Build.0 = Debug|Any CPU
		{FD097C45-E129-872E-F5E3-135B085BDAF6}.Release|Any CPU.ActiveCfg = Release|Any CPU
		{FD097C45-E129-872E-F5E3-135B085BDAF6}.Release|Any CPU.Build.0 = Release|Any CPU
		{246CE046-5752-8666-6068-94AF67B9B9A7}.Debug|Any CPU.ActiveCfg = Debug|Any CPU
		{246CE046-5752-8666-6068-94AF67B9B9A7}.Debug|Any CPU.Build.0 = Debug|Any CPU
		{246CE046-5752-8666-6068-94AF67B9B9A7}.Release|Any CPU.ActiveCfg = Release|Any CPU
		{246CE046-5752-8666-6068-94AF67B9B9A7}.Release|Any CPU.Build.0 = Release|Any CPU
		{D19009AB-F619-8135-3ECA-5BC6BA22379E}.Debug|Any CPU.ActiveCfg = Debug|Any CPU
		{D19009AB-F619-8135-3ECA-5BC6BA22379E}.Debug|Any CPU.Build.0 = Debug|Any CPU
		{D19009AB-F619-8135-3ECA-5BC6BA22379E}.Release|Any CPU.ActiveCfg = Release|Any CPU
		{D19009AB-F619-8135-3ECA-5BC6BA22379E}.Release|Any CPU.Build.0 = Release|Any CPU
		{85746773-0649-591C-166D-1C5205A30F4C}.Debug|Any CPU.ActiveCfg = Debug|Any CPU
		{85746773-0649-591C-166D-1C5205A30F4C}.Debug|Any CPU.Build.0 = Debug|Any CPU
		{85746773-0649-591C-166D-1C5205A30F4C}.Release|Any CPU.ActiveCfg = Release|Any CPU
		{85746773-0649-591C-166D-1C5205A30F4C}.Release|Any CPU.Build.0 = Release|Any CPU
		{9D01525F-7C88-CC6A-97CF-B707B13430FB}.Debug|Any CPU.ActiveCfg = Debug|Any CPU
		{9D01525F-7C88-CC6A-97CF-B707B13430FB}.Debug|Any CPU.Build.0 = Debug|Any CPU
		{9D01525F-7C88-CC6A-97CF-B707B13430FB}.Release|Any CPU.ActiveCfg = Release|Any CPU
		{9D01525F-7C88-CC6A-97CF-B707B13430FB}.Release|Any CPU.Build.0 = Release|Any CPU
		{09C64E18-DF65-4A3F-F20D-B6E1B5819F14}.Debug|Any CPU.ActiveCfg = Debug|Any CPU
		{09C64E18-DF65-4A3F-F20D-B6E1B5819F14}.Debug|Any CPU.Build.0 = Debug|Any CPU
		{09C64E18-DF65-4A3F-F20D-B6E1B5819F14}.Release|Any CPU.ActiveCfg = Release|Any CPU
		{09C64E18-DF65-4A3F-F20D-B6E1B5819F14}.Release|Any CPU.Build.0 = Release|Any CPU
		{3741CBE4-DDD1-A472-7A57-8F048C380AD0}.Debug|Any CPU.ActiveCfg = Debug|Any CPU
		{3741CBE4-DDD1-A472-7A57-8F048C380AD0}.Debug|Any CPU.Build.0 = Debug|Any CPU
		{3741CBE4-DDD1-A472-7A57-8F048C380AD0}.Release|Any CPU.ActiveCfg = Release|Any CPU
		{3741CBE4-DDD1-A472-7A57-8F048C380AD0}.Release|Any CPU.Build.0 = Release|Any CPU
		{DC077B66-9EE5-8F27-531F-54826FECFCC5}.Debug|Any CPU.ActiveCfg = Debug|Any CPU
		{DC077B66-9EE5-8F27-531F-54826FECFCC5}.Debug|Any CPU.Build.0 = Debug|Any CPU
		{DC077B66-9EE5-8F27-531F-54826FECFCC5}.Release|Any CPU.ActiveCfg = Release|Any CPU
		{DC077B66-9EE5-8F27-531F-54826FECFCC5}.Release|Any CPU.Build.0 = Release|Any CPU
		{05A0D7FC-61DE-5382-1BBD-2B979141D938}.Debug|Any CPU.ActiveCfg = Debug|Any CPU
		{05A0D7FC-61DE-5382-1BBD-2B979141D938}.Debug|Any CPU.Build.0 = Debug|Any CPU
		{05A0D7FC-61DE-5382-1BBD-2B979141D938}.Release|Any CPU.ActiveCfg = Release|Any CPU
		{05A0D7FC-61DE-5382-1BBD-2B979141D938}.Release|Any CPU.Build.0 = Release|Any CPU
		{C9078EB4-2A30-8304-69D9-605B55D57891}.Debug|Any CPU.ActiveCfg = Debug|Any CPU
		{C9078EB4-2A30-8304-69D9-605B55D57891}.Debug|Any CPU.Build.0 = Debug|Any CPU
		{C9078EB4-2A30-8304-69D9-605B55D57891}.Release|Any CPU.ActiveCfg = Release|Any CPU
		{C9078EB4-2A30-8304-69D9-605B55D57891}.Release|Any CPU.Build.0 = Release|Any CPU
		{81952DCE-E6F4-E44C-38BA-2A0D1B2BC343}.Debug|Any CPU.ActiveCfg = Debug|Any CPU
		{81952DCE-E6F4-E44C-38BA-2A0D1B2BC343}.Debug|Any CPU.Build.0 = Debug|Any CPU
		{81952DCE-E6F4-E44C-38BA-2A0D1B2BC343}.Release|Any CPU.ActiveCfg = Release|Any CPU
		{81952DCE-E6F4-E44C-38BA-2A0D1B2BC343}.Release|Any CPU.Build.0 = Release|Any CPU
		{4A7C007B-4B99-2688-1D75-F2BE27904E73}.Debug|Any CPU.ActiveCfg = Debug|Any CPU
		{4A7C007B-4B99-2688-1D75-F2BE27904E73}.Debug|Any CPU.Build.0 = Debug|Any CPU
		{4A7C007B-4B99-2688-1D75-F2BE27904E73}.Release|Any CPU.ActiveCfg = Release|Any CPU
		{4A7C007B-4B99-2688-1D75-F2BE27904E73}.Release|Any CPU.Build.0 = Release|Any CPU
		{944638F6-AB40-55D6-6366-39FFE64AE2D9}.Debug|Any CPU.ActiveCfg = Debug|Any CPU
		{944638F6-AB40-55D6-6366-39FFE64AE2D9}.Debug|Any CPU.Build.0 = Debug|Any CPU
		{944638F6-AB40-55D6-6366-39FFE64AE2D9}.Release|Any CPU.ActiveCfg = Release|Any CPU
		{944638F6-AB40-55D6-6366-39FFE64AE2D9}.Release|Any CPU.Build.0 = Release|Any CPU
		{1FA981DE-6528-EA6E-6E49-3D17B7614DD0}.Debug|Any CPU.ActiveCfg = Debug|Any CPU
		{1FA981DE-6528-EA6E-6E49-3D17B7614DD0}.Debug|Any CPU.Build.0 = Debug|Any CPU
		{1FA981DE-6528-EA6E-6E49-3D17B7614DD0}.Release|Any CPU.ActiveCfg = Release|Any CPU
		{1FA981DE-6528-EA6E-6E49-3D17B7614DD0}.Release|Any CPU.Build.0 = Release|Any CPU
		{FD825762-FF10-44BB-0E92-73B5C5E78075}.Debug|Any CPU.ActiveCfg = Debug|Any CPU
		{FD825762-FF10-44BB-0E92-73B5C5E78075}.Debug|Any CPU.Build.0 = Debug|Any CPU
		{FD825762-FF10-44BB-0E92-73B5C5E78075}.Release|Any CPU.ActiveCfg = Release|Any CPU
		{FD825762-FF10-44BB-0E92-73B5C5E78075}.Release|Any CPU.Build.0 = Release|Any CPU
		{09E6C304-7E76-3A98-AD4D-09BBFF7D943A}.Debug|Any CPU.ActiveCfg = Debug|Any CPU
		{09E6C304-7E76-3A98-AD4D-09BBFF7D943A}.Debug|Any CPU.Build.0 = Debug|Any CPU
		{09E6C304-7E76-3A98-AD4D-09BBFF7D943A}.Release|Any CPU.ActiveCfg = Release|Any CPU
		{09E6C304-7E76-3A98-AD4D-09BBFF7D943A}.Release|Any CPU.Build.0 = Release|Any CPU
		{32821875-009F-FEF7-1FF7-DB99931001EF}.Debug|Any CPU.ActiveCfg = Debug|Any CPU
		{32821875-009F-FEF7-1FF7-DB99931001EF}.Debug|Any CPU.Build.0 = Debug|Any CPU
		{32821875-009F-FEF7-1FF7-DB99931001EF}.Release|Any CPU.ActiveCfg = Release|Any CPU
		{32821875-009F-FEF7-1FF7-DB99931001EF}.Release|Any CPU.Build.0 = Release|Any CPU
		{6B5BD666-8BED-5E6F-F469-14B10F0AA0F1}.Debug|Any CPU.ActiveCfg = Debug|Any CPU
		{6B5BD666-8BED-5E6F-F469-14B10F0AA0F1}.Debug|Any CPU.Build.0 = Debug|Any CPU
		{6B5BD666-8BED-5E6F-F469-14B10F0AA0F1}.Release|Any CPU.ActiveCfg = Release|Any CPU
		{6B5BD666-8BED-5E6F-F469-14B10F0AA0F1}.Release|Any CPU.Build.0 = Release|Any CPU
		{0CA7B2B6-681F-E1AF-48C8-754A0E2C64B7}.Debug|Any CPU.ActiveCfg = Debug|Any CPU
		{0CA7B2B6-681F-E1AF-48C8-754A0E2C64B7}.Debug|Any CPU.Build.0 = Debug|Any CPU
		{0CA7B2B6-681F-E1AF-48C8-754A0E2C64B7}.Release|Any CPU.ActiveCfg = Release|Any CPU
		{0CA7B2B6-681F-E1AF-48C8-754A0E2C64B7}.Release|Any CPU.Build.0 = Release|Any CPU
		{EFE6AAAB-F172-C5E1-5178-2EFBA5460B5E}.Debug|Any CPU.ActiveCfg = Debug|Any CPU
		{EFE6AAAB-F172-C5E1-5178-2EFBA5460B5E}.Debug|Any CPU.Build.0 = Debug|Any CPU
		{EFE6AAAB-F172-C5E1-5178-2EFBA5460B5E}.Release|Any CPU.ActiveCfg = Release|Any CPU
		{EFE6AAAB-F172-C5E1-5178-2EFBA5460B5E}.Release|Any CPU.Build.0 = Release|Any CPU
	EndGlobalSection
	GlobalSection(SolutionProperties) = preSolution
		HideSolutionNode = FALSE
	EndGlobalSection
EndGlobal
